
Microsoft Visual Studio Solution File, Format Version 12.00
# Visual Studio Version 17
VisualStudioVersion = 17.1.32210.238
MinimumVisualStudioVersion = 10.0.40219.1
Project("{FAE04EC0-301F-11D3-BF4B-00C04F79EFBC}") = "LeetCode Problems", "LeetCode Problems\LeetCode Problems.csproj", "{2BAFCE3C-7DE6-4D11-A85E-2011571E1D9F}"
EndProject
Global
	GlobalSection(SolutionConfigurationPlatforms) = preSolution
		Debug|Any CPU = Debug|Any CPU
		Release|Any CPU = Release|Any CPU
	EndGlobalSection
	GlobalSection(ProjectConfigurationPlatforms) = postSolution
		{2BAFCE3C-7DE6-4D11-A85E-2011571E1D9F}.Debug|Any CPU.ActiveCfg = Debug|Any CPU
		{2BAFCE3C-7DE6-4D11-A85E-2011571E1D9F}.Debug|Any CPU.Build.0 = Debug|Any CPU
		{2BAFCE3C-7DE6-4D11-A85E-2011571E1D9F}.Release|Any CPU.ActiveCfg = Release|Any CPU
		{2BAFCE3C-7DE6-4D11-A85E-2011571E1D9F}.Release|Any CPU.Build.0 = Release|Any CPU
	EndGlobalSection
	GlobalSection(SolutionProperties) = preSolution
		HideSolutionNode = FALSE
	EndGlobalSection
	GlobalSection(ExtensibilityGlobals) = postSolution
		SolutionGuid = {A36C774A-34C0-4AF3-9C6D-B98509C2620E}
	EndGlobalSection
EndGlobal
